lockfileVersion: '6.0'

settings:
  autoInstallPeers: true
  excludeLinksFromLockfile: false

dependencies:
  '@prisma/client':
    specifier: ^5.1.1
    version: 5.1.1
  '@vercel/postgres':
    specifier: ^0.4.1
    version: 0.4.1

packages:

  /@neondatabase/serverless@0.5.6:
    resolution: {integrity: sha512-Ru0lG6W/nQtHRkDFVQFF+1PJYx8wd3jereln0Ep0YkiHey50hjTLVUycQoE4X977605pXMuFWORweuktzph+Xg==}
    dependencies:
      '@types/pg': 8.6.6
    dev: false

  /@prisma/client@5.1.1:
    resolution: {integrity: sha512-fxcCeK5pMQGcgCqCrWsi+I2rpIbk0rAhdrN+ke7f34tIrgPwA68ensrpin+9+fZvuV2OtzHmuipwduSY6HswdA==}
    engines: {node: '>=16.13'}
    requiresBuild: true
    peerDependencies:
      prisma: '*'
    peerDependenciesMeta:
      prisma:
        optional: true
    dependencies:
      '@prisma/engines-version': 5.1.1-1.6a3747c37ff169c90047725a05a6ef02e32ac97e
    dev: false

  /@prisma/engines-version@5.1.1-1.6a3747c37ff169c90047725a05a6ef02e32ac97e:
    resolution: {integrity: sha512-owZqbY/wucbr65bXJ/ljrHPgQU5xXTSkmcE/JcbqE1kusuAXV/TLN3/exmz21SZ5rJ7WDkyk70J2G/n68iogbQ==}
    dev: false

  /@types/node@20.5.1:
    resolution: {integrity: sha512-4tT2UrL5LBqDwoed9wZ6N3umC4Yhz3W3FloMmiiG4JwmUJWpie0c7lcnUNd4gtMKuDEO4wRVS8B6Xa0uMRsMKg==}
    dev: false

  /@types/pg@8.6.6:
    resolution: {integrity: sha512-O2xNmXebtwVekJDD+02udOncjVcMZQuTEQEMpKJ0ZRf5E7/9JJX3izhKUcUifBkyKpljyUM6BTgy2trmviKlpw==}
    dependencies:
      '@types/node': 20.5.1
      pg-protocol: 1.6.0
      pg-types: 2.2.0
    dev: false

  /@vercel/postgres@0.4.1:
    resolution: {integrity: sha512-rYlNnaXrr2/NWK/OodhAUyed0bomaizKKC8XXjNYv8I1K3m75oocP4IGTcBpZe76VCrHuaKW5d6jLQnuRRoNKg==}
    engines: {node: '>=14.6'}
    dependencies:
      '@neondatabase/serverless': 0.5.6
      bufferutil: 4.0.7
      utf-8-validate: 6.0.3
      ws: 8.13.0(bufferutil@4.0.7)(utf-8-validate@6.0.3)
    dev: false

  /bufferutil@4.0.7:
    resolution: {integrity: sha512-kukuqc39WOHtdxtw4UScxF/WVnMFVSQVKhtx3AjZJzhd0RGZZldcrfSEbVsWWe6KNH253574cq5F+wpv0G9pJw==}
    engines: {node: '>=6.14.2'}
    requiresBuild: true
    dependencies:
      node-gyp-build: 4.6.0
    dev: false

  /node-gyp-build@4.6.0:
    resolution: {integrity: sha512-NTZVKn9IylLwUzaKjkas1e4u2DLNcV4rdYagA4PWdPwW87Bi7z+BznyKSRwS/761tV/lzCGXplWsiaMjLqP2zQ==}
    hasBin: true
    dev: false

  /pg-int8@1.0.1:
    resolution: {integrity: sha512-WCtabS6t3c8SkpDBUlb1kjOs7l66xsGdKpIPZsg4wR+B3+u9UAum2odSsF9tnvxg80h4ZxLWMy4pRjOsFIqQpw==}
    engines: {node: '>=4.0.0'}
    dev: false

  /pg-protocol@1.6.0:
    resolution: {integrity: sha512-M+PDm637OY5WM307051+bsDia5Xej6d9IR4GwJse1qA1DIhiKlksvrneZOYQq42OM+spubpcNYEo2FcKQrDk+Q==}
    dev: false

  /pg-types@2.2.0:
    resolution: {integrity: sha512-qTAAlrEsl8s4OiEQY69wDvcMIdQN6wdz5ojQiOy6YRMuynxenON0O5oCpJI6lshc6scgAY8qvJ2On/p+CXY0GA==}
    engines: {node: '>=4'}
    dependencies:
      pg-int8: 1.0.1
      postgres-array: 2.0.0
      postgres-bytea: 1.0.0
      postgres-date: 1.0.7
      postgres-interval: 1.2.0
    dev: false

  /postgres-array@2.0.0:
    resolution: {integrity: sha512-VpZrUqU5A69eQyW2c5CA1jtLecCsN2U/bD6VilrFDWq5+5UIEVO7nazS3TEcHf1zuPYO/sqGvUvW62g86RXZuA==}
    engines: {node: '>=4'}
    dev: false

  /postgres-bytea@1.0.0:
    resolution: {integrity: sha512-xy3pmLuQqRBZBXDULy7KbaitYqLcmxigw14Q5sj8QBVLqEwXfeybIKVWiqAXTlcvdvb0+xkOtDbfQMOf4lST1w==}
    engines: {node: '>=0.10.0'}
    dev: false

  /postgres-date@1.0.7:
    resolution: {integrity: sha512-suDmjLVQg78nMK2UZ454hAG+OAW+HQPZ6n++TNDUX+L0+uUlLywnoxJKDou51Zm+zTCjrCl0Nq6J9C5hP9vK/Q==}
    engines: {node: '>=0.10.0'}
    dev: false

  /postgres-interval@1.2.0:
    resolution: {integrity: sha512-9ZhXKM/rw350N1ovuWHbGxnGh/SNJ4cnxHiM0rxE4VN41wsg8P8zWn9hv/buK00RP4WvlOyr/RBDiptyxVbkZQ==}
    engines: {node: '>=0.10.0'}
    dependencies:
      xtend: 4.0.2
    dev: false

  /utf-8-validate@6.0.3:
    resolution: {integrity: sha512-uIuGf9TWQ/y+0Lp+KGZCMuJWc3N9BHA+l/UmHd/oUHwJJDeysyTRxNQVkbzsIWfGFbRe3OcgML/i0mvVRPOyDA==}
    engines: {node: '>=6.14.2'}
    requiresBuild: true
    dependencies:
      node-gyp-build: 4.6.0
    dev: false

  /ws@8.13.0(bufferutil@4.0.7)(utf-8-validate@6.0.3):
    resolution: {integrity: sha512-x9vcZYTrFPC7aSIbj7sRCYo7L/Xb8Iy+pW0ng0wt2vCJv7M9HOMy0UoN3rr+IFC7hb7vXoqS+P9ktyLLLhO+LA==}
    engines: {node: '>=10.0.0'}
    peerDependencies:
      bufferutil: ^4.0.1
      utf-8-validate: '>=5.0.2'
    peerDependenciesMeta:
      bufferutil:
        optional: true
      utf-8-validate:
        optional: true
    dependencies:
      bufferutil: 4.0.7
      utf-8-validate: 6.0.3
    dev: false

  /xtend@4.0.2:
    resolution: {integrity: sha512-LKYU1iAXJXUgAXn9URjiu+MWhyUXHsvfp7mcuYm9dSUKK0/CjtrUwFAxD82/mCWbtLsGjFIad0wIsod4zrTAEQ==}
    engines: {node: '>=0.4'}
    dev: false
